
Microsoft Visual Studio Solution File, Format Version 12.00
# Visual Studio Version 17
VisualStudioVersion = 17.4.33213.308
MinimumVisualStudioVersion = 10.0.40219.1
Project("{FAE04EC0-301F-11D3-BF4B-00C04F79EFBC}") = "Test_app_3", "Test_app_3\Test_app_3.csproj", "{11384233-789D-428D-8AC7-08FBBB0FF5D6}"
EndProject
Global
	GlobalSection(SolutionConfigurationPlatforms) = preSolution
		Debug|Any CPU = Debug|Any CPU
		Release|Any CPU = Release|Any CPU
	EndGlobalSection
	GlobalSection(ProjectConfigurationPlatforms) = postSolution
		{11384233-789D-428D-8AC7-08FBBB0FF5D6}.Debug|Any CPU.ActiveCfg = Debug|Any CPU
		{11384233-789D-428D-8AC7-08FBBB0FF5D6}.Debug|Any CPU.Build.0 = Debug|Any CPU
		{11384233-789D-428D-8AC7-08FBBB0FF5D6}.Release|Any CPU.ActiveCfg = Release|Any CPU
		{11384233-789D-428D-8AC7-08FBBB0FF5D6}.Release|Any CPU.Build.0 = Release|Any CPU
	EndGlobalSection
	GlobalSection(SolutionProperties) = preSolution
		HideSolutionNode = FALSE
	EndGlobalSection
	GlobalSection(ExtensibilityGlobals) = postSolution
		SolutionGuid = {F4B1A003-AD35-40C1-B4FF-74B0286CA836}
	EndGlobalSection
EndGlobal
